
Microsoft Visual Studio Solution File, Format Version 9.00
# Visual Studio 2005
Project("{FAE04EC0-301F-11D3-BF4B-00C04F79EFBC}") = "LinePointIntersection", "LinePointIntersection\LinePointIntersection.csproj", "{882CC8FA-0B51-44D5-9813-01694E008A95}"
EndProject
Project("{FAE04EC0-301F-11D3-BF4B-00C04F79EFBC}") = "LineCircleIntersection", "LineCircleIntersection\LineCircleIntersection.csproj", "{DF50C193-F3CE-4F16-A441-C4C34E9FEFFC}"
EndProject
Project("{FAE04EC0-301F-11D3-BF4B-00C04F79EFBC}") = "CircleCircleIntersection", "SphereSphereIntersection\CircleCircleIntersection.csproj", "{FF865845-645E-4A9F-A84C-42D6C6CA801F}"
EndProject
Project("{FAE04EC0-301F-11D3-BF4B-00C04F79EFBC}") = "Library", "Library\Library.csproj", "{343E02FA-557C-4D74-BD9E-CB76A637C2D4}"
EndProject
Project("{FAE04EC0-301F-11D3-BF4B-00C04F79EFBC}") = "ConsoleTest", "ConsoleTest\ConsoleTest.csproj", "{45174E51-D85B-4D45-898A-F0699250DFC4}"
EndProject
Project("{FAE04EC0-301F-11D3-BF4B-00C04F79EFBC}") = "EllipseCircleIntersection", "EllipseCircleIntersection\EllipseCircleIntersection.csproj", "{94EDA4AF-51A1-4501-A2D0-B9BF81DA1116}"
EndProject
Project("{FAE04EC0-301F-11D3-BF4B-00C04F79EFBC}") = "CatmullRomSplines", "CatmullRomSplines\CatmullRomSplines.csproj", "{F9004D56-6B45-44B1-A9A1-F50B956A0CE1}"
EndProject
Project("{FAE04EC0-301F-11D3-BF4B-00C04F79EFBC}") = "CubicBezierSplines", "CubicBezierSplines\CubicBezierSplines.csproj", "{1CA2C6DC-F88D-4DBC-ACEA-6F6BE4F3C495}"
EndProject
Project("{FAE04EC0-301F-11D3-BF4B-00C04F79EFBC}") = "LineLineIntersection2D", "LineLineIntersection2D\LineLineIntersection2D.csproj", "{612285DD-00CD-40D4-A144-96D62605CAA0}"
EndProject
Project("{FAE04EC0-301F-11D3-BF4B-00C04F79EFBC}") = "InverseKinematics", "InverseKinematics\InverseKinematics.csproj", "{5C853255-219A-44CE-BBFE-BEFD1D4B0038}"
EndProject
Global
	GlobalSection(SolutionConfigurationPlatforms) = preSolution
		Debug|Any CPU = Debug|Any CPU
		Debug|Mixed Platforms = Debug|Mixed Platforms
		Release|Any CPU = Release|Any CPU
		Release|Mixed Platforms = Release|Mixed Platforms
	EndGlobalSection
	GlobalSection(ProjectConfigurationPlatforms) = postSolution
		{882CC8FA-0B51-44D5-9813-01694E008A95}.Debug|Any CPU.ActiveCfg = Debug|Any CPU
		{882CC8FA-0B51-44D5-9813-01694E008A95}.Debug|Any CPU.Build.0 = Debug|Any CPU
		{882CC8FA-0B51-44D5-9813-01694E008A95}.Debug|Mixed Platforms.ActiveCfg = Debug|Any CPU
		{882CC8FA-0B51-44D5-9813-01694E008A95}.Debug|Mixed Platforms.Build.0 = Debug|Any CPU
		{882CC8FA-0B51-44D5-9813-01694E008A95}.Release|Any CPU.ActiveCfg = Release|Any CPU
		{882CC8FA-0B51-44D5-9813-01694E008A95}.Release|Any CPU.Build.0 = Release|Any CPU
		{882CC8FA-0B51-44D5-9813-01694E008A95}.Release|Mixed Platforms.ActiveCfg = Debug|Any CPU
		{882CC8FA-0B51-44D5-9813-01694E008A95}.Release|Mixed Platforms.Build.0 = Debug|Any CPU
		{DF50C193-F3CE-4F16-A441-C4C34E9FEFFC}.Debug|Any CPU.ActiveCfg = Debug|Any CPU
		{DF50C193-F3CE-4F16-A441-C4C34E9FEFFC}.Debug|Any CPU.Build.0 = Debug|Any CPU
		{DF50C193-F3CE-4F16-A441-C4C34E9FEFFC}.Debug|Mixed Platforms.ActiveCfg = Debug|Any CPU
		{DF50C193-F3CE-4F16-A441-C4C34E9FEFFC}.Debug|Mixed Platforms.Build.0 = Debug|Any CPU
		{DF50C193-F3CE-4F16-A441-C4C34E9FEFFC}.Release|Any CPU.ActiveCfg = Release|Any CPU
		{DF50C193-F3CE-4F16-A441-C4C34E9FEFFC}.Release|Any CPU.Build.0 = Release|Any CPU
		{DF50C193-F3CE-4F16-A441-C4C34E9FEFFC}.Release|Mixed Platforms.ActiveCfg = Debug|Any CPU
		{DF50C193-F3CE-4F16-A441-C4C34E9FEFFC}.Release|Mixed Platforms.Build.0 = Debug|Any CPU
		{FF865845-645E-4A9F-A84C-42D6C6CA801F}.Debug|Any CPU.ActiveCfg = Debug|Any CPU
		{FF865845-645E-4A9F-A84C-42D6C6CA801F}.Debug|Any CPU.Build.0 = Debug|Any CPU
		{FF865845-645E-4A9F-A84C-42D6C6CA801F}.Debug|Mixed Platforms.ActiveCfg = Debug|Any CPU
		{FF865845-645E-4A9F-A84C-42D6C6CA801F}.Debug|Mixed Platforms.Build.0 = Debug|Any CPU
		{FF865845-645E-4A9F-A84C-42D6C6CA801F}.Release|Any CPU.ActiveCfg = Release|Any CPU
		{FF865845-645E-4A9F-A84C-42D6C6CA801F}.Release|Any CPU.Build.0 = Release|Any CPU
		{FF865845-645E-4A9F-A84C-42D6C6CA801F}.Release|Mixed Platforms.ActiveCfg = Debug|Any CPU
		{FF865845-645E-4A9F-A84C-42D6C6CA801F}.Release|Mixed Platforms.Build.0 = Debug|Any CPU
		{343E02FA-557C-4D74-BD9E-CB76A637C2D4}.Debug|Any CPU.ActiveCfg = Debug|Any CPU
		{343E02FA-557C-4D74-BD9E-CB76A637C2D4}.Debug|Any CPU.Build.0 = Debug|Any CPU
		{343E02FA-557C-4D74-BD9E-CB76A637C2D4}.Debug|Mixed Platforms.ActiveCfg = Debug|Any CPU
		{343E02FA-557C-4D74-BD9E-CB76A637C2D4}.Debug|Mixed Platforms.Build.0 = Debug|Any CPU
		{343E02FA-557C-4D74-BD9E-CB76A637C2D4}.Release|Any CPU.ActiveCfg = Release|Any CPU
		{343E02FA-557C-4D74-BD9E-CB76A637C2D4}.Release|Any CPU.Build.0 = Release|Any CPU
		{343E02FA-557C-4D74-BD9E-CB76A637C2D4}.Release|Mixed Platforms.ActiveCfg = Debug|Any CPU
		{343E02FA-557C-4D74-BD9E-CB76A637C2D4}.Release|Mixed Platforms.Build.0 = Debug|Any CPU
		{45174E51-D85B-4D45-898A-F0699250DFC4}.Debug|Any CPU.ActiveCfg = Debug|Any CPU
		{45174E51-D85B-4D45-898A-F0699250DFC4}.Debug|Any CPU.Build.0 = Debug|Any CPU
		{45174E51-D85B-4D45-898A-F0699250DFC4}.Debug|Mixed Platforms.ActiveCfg = Debug|Any CPU
		{45174E51-D85B-4D45-898A-F0699250DFC4}.Debug|Mixed Platforms.Build.0 = Debug|Any CPU
		{45174E51-D85B-4D45-898A-F0699250DFC4}.Release|Any CPU.ActiveCfg = Release|Any CPU
		{45174E51-D85B-4D45-898A-F0699250DFC4}.Release|Any CPU.Build.0 = Release|Any CPU
		{45174E51-D85B-4D45-898A-F0699250DFC4}.Release|Mixed Platforms.ActiveCfg = Debug|Any CPU
		{45174E51-D85B-4D45-898A-F0699250DFC4}.Release|Mixed Platforms.Build.0 = Debug|Any CPU
		{94EDA4AF-51A1-4501-A2D0-B9BF81DA1116}.Debug|Any CPU.ActiveCfg = Debug|Any CPU
		{94EDA4AF-51A1-4501-A2D0-B9BF81DA1116}.Debug|Any CPU.Build.0 = Debug|Any CPU
		{94EDA4AF-51A1-4501-A2D0-B9BF81DA1116}.Debug|Mixed Platforms.ActiveCfg = Debug|Any CPU
		{94EDA4AF-51A1-4501-A2D0-B9BF81DA1116}.Debug|Mixed Platforms.Build.0 = Debug|Any CPU
		{94EDA4AF-51A1-4501-A2D0-B9BF81DA1116}.Release|Any CPU.ActiveCfg = Release|Any CPU
		{94EDA4AF-51A1-4501-A2D0-B9BF81DA1116}.Release|Any CPU.Build.0 = Release|Any CPU
		{94EDA4AF-51A1-4501-A2D0-B9BF81DA1116}.Release|Mixed Platforms.ActiveCfg = Debug|Any CPU
		{94EDA4AF-51A1-4501-A2D0-B9BF81DA1116}.Release|Mixed Platforms.Build.0 = Debug|Any CPU
		{F9004D56-6B45-44B1-A9A1-F50B956A0CE1}.Debug|Any CPU.ActiveCfg = Debug|Any CPU
		{F9004D56-6B45-44B1-A9A1-F50B956A0CE1}.Debug|Any CPU.Build.0 = Debug|Any CPU
		{F9004D56-6B45-44B1-A9A1-F50B956A0CE1}.Debug|Mixed Platforms.ActiveCfg = Debug|Any CPU
		{F9004D56-6B45-44B1-A9A1-F50B956A0CE1}.Debug|Mixed Platforms.Build.0 = Debug|Any CPU
		{F9004D56-6B45-44B1-A9A1-F50B956A0CE1}.Release|Any CPU.ActiveCfg = Release|Any CPU
		{F9004D56-6B45-44B1-A9A1-F50B956A0CE1}.Release|Any CPU.Build.0 = Release|Any CPU
		{F9004D56-6B45-44B1-A9A1-F50B956A0CE1}.Release|Mixed Platforms.ActiveCfg = Debug|Any CPU
		{F9004D56-6B45-44B1-A9A1-F50B956A0CE1}.Release|Mixed Platforms.Build.0 = Debug|Any CPU
		{1CA2C6DC-F88D-4DBC-ACEA-6F6BE4F3C495}.Debug|Any CPU.ActiveCfg = Debug|Any CPU
		{1CA2C6DC-F88D-4DBC-ACEA-6F6BE4F3C495}.Debug|Any CPU.Build.0 = Debug|Any CPU
		{1CA2C6DC-F88D-4DBC-ACEA-6F6BE4F3C495}.Debug|Mixed Platforms.ActiveCfg = Debug|Any CPU
		{1CA2C6DC-F88D-4DBC-ACEA-6F6BE4F3C495}.Debug|Mixed Platforms.Build.0 = Debug|Any CPU
		{1CA2C6DC-F88D-4DBC-ACEA-6F6BE4F3C495}.Release|Any CPU.ActiveCfg = Release|Any CPU
		{1CA2C6DC-F88D-4DBC-ACEA-6F6BE4F3C495}.Release|Any CPU.Build.0 = Release|Any CPU
		{1CA2C6DC-F88D-4DBC-ACEA-6F6BE4F3C495}.Release|Mixed Platforms.ActiveCfg = Debug|Any CPU
		{1CA2C6DC-F88D-4DBC-ACEA-6F6BE4F3C495}.Release|Mixed Platforms.Build.0 = Debug|Any CPU
		{612285DD-00CD-40D4-A144-96D62605CAA0}.Debug|Any CPU.ActiveCfg = Debug|Any CPU
		{612285DD-00CD-40D4-A144-96D62605CAA0}.Debug|Any CPU.Build.0 = Debug|Any CPU
		{612285DD-00CD-40D4-A144-96D62605CAA0}.Debug|Mixed Platforms.ActiveCfg = Debug|Any CPU
		{612285DD-00CD-40D4-A144-96D62605CAA0}.Debug|Mixed Platforms.Build.0 = Debug|Any CPU
		{612285DD-00CD-40D4-A144-96D62605CAA0}.Release|Any CPU.ActiveCfg = Release|Any CPU
		{612285DD-00CD-40D4-A144-96D62605CAA0}.Release|Any CPU.Build.0 = Release|Any CPU
		{612285DD-00CD-40D4-A144-96D62605CAA0}.Release|Mixed Platforms.ActiveCfg = Release|Any CPU
		{612285DD-00CD-40D4-A144-96D62605CAA0}.Release|Mixed Platforms.Build.0 = Release|Any CPU
		{5C853255-219A-44CE-BBFE-BEFD1D4B0038}.Debug|Any CPU.ActiveCfg = Debug|Any CPU
		{5C853255-219A-44CE-BBFE-BEFD1D4B0038}.Debug|Any CPU.Build.0 = Debug|Any CPU
		{5C853255-219A-44CE-BBFE-BEFD1D4B0038}.Debug|Mixed Platforms.ActiveCfg = Debug|Any CPU
		{5C853255-219A-44CE-BBFE-BEFD1D4B0038}.Debug|Mixed Platforms.Build.0 = Debug|Any CPU
		{5C853255-219A-44CE-BBFE-BEFD1D4B0038}.Release|Any CPU.ActiveCfg = Release|Any CPU
		{5C853255-219A-44CE-BBFE-BEFD1D4B0038}.Release|Any CPU.Build.0 = Release|Any CPU
		{5C853255-219A-44CE-BBFE-BEFD1D4B0038}.Release|Mixed Platforms.ActiveCfg = Release|Any CPU
		{5C853255-219A-44CE-BBFE-BEFD1D4B0038}.Release|Mixed Platforms.Build.0 = Release|Any CPU
	EndGlobalSection
	GlobalSection(SolutionProperties) = preSolution
		HideSolutionNode = FALSE
	EndGlobalSection
EndGlobal
